{
  "README.md:3009712128": [
    [240, 10, 27, "Style/ClassMethodsDefinitions: Use `class << self` to define a class method.", 2226893134],
    [243, 3, 37, "Style/ClassMethodsDefinitions: Use `class << self` to define a class method.", 4163348045],
    [247, 3, 37, "Style/ClassMethodsDefinitions: Use `class << self` to define a class method.", 2420123939],
    [251, 3, 45, "Style/ClassMethodsDefinitions: Use `class << self` to define a class method.", 3568969579],
    [264, 3, 43, "Style/ClassMethodsDefinitions: Use `class << self` to define a class method.", 235184892],
    [354, 12, 27, "Style/ClassMethodsDefinitions: Use `class << self` to define a class method.", 2226893134],
    [357, 3, 37, "Style/ClassMethodsDefinitions: Use `class << self` to define a class method.", 4163348045],
    [361, 3, 37, "Style/ClassMethodsDefinitions: Use `class << self` to define a class method.", 2420123939],
    [365, 3, 45, "Style/ClassMethodsDefinitions: Use `class << self` to define a class method.", 3568969579],
    [378, 3, 45, "Style/ClassMethodsDefinitions: Use `class << self` to define a class method.", 637514124]
  ],
  "bin/bundle:1543177218": [
    [63, 5, 20, "ThreadSafety/InstanceVariableInClassMethod: Avoid instance variables in class methods.", 2485198147]
  ],
  "lib/debug_logging.rb:2647816515": [
    [124, 5, 42, "ThreadSafety/ClassAndModuleAttributes: Avoid mutating class and module attributes.", 1265699560]
  ],
  "lib/debug_logging/argument_printer.rb:3334736513": [
    [11, 7, 49, "Style/UnlessLogicalOperators: Do not use mixed logical operators in an `unless`.", 24710009],
    [60, 7, 49, "Style/UnlessLogicalOperators: Do not use mixed logical operators in an `unless`.", 24710009]
  ],
  "lib/debug_logging/finalize.rb:2519216288": [
    [5, 5, 299, "Style/ClassMethodsDefinitions: Use `class << self` to define a class method.", 2506770293]
  ],
  "lib/debug_logging/hooks.rb:1408656686": [
    [6, 5, 61, "Style/ClassMethodsDefinitions: Use `class << self` to define a class method.", 62321122],
    [10, 5, 59, "Style/ClassMethodsDefinitions: Use `class << self` to define a class method.", 2109073884]
  ],
  "lib/debug_logging/log_subscriber.rb:1842174884": [
    [10, 7, 20, "ThreadSafety/ClassAndModuleAttributes: Avoid mutating class and module attributes.", 1853072198],
    [16, 5, 368, "Style/ClassMethodsDefinitions: Use `class << self` to define a class method.", 479488482],
    [17, 7, 6, "ThreadSafety/InstanceVariableInClassMethod: Avoid instance variables in class methods.", 2741946345],
    [28, 5, 558, "Style/ClassMethodsDefinitions: Use `class << self` to define a class method.", 4277533184]
  ],
  "lib/debug_logging/util.rb:1177721888": [
    [62, 9, 5, "Style/IdenticalConditionalBranches: Move `proxy` out of the conditional.", 187023241],
    [77, 9, 5, "Style/IdenticalConditionalBranches: Move `proxy` out of the conditional.", 187023241]
  ],
  "lib/simple_debug_logging.rb:1035783295": [
    [71, 5, 688, "Style/ClassMethodsDefinitions: Use `class << self` to define a class method.", 790702810]
  ],
  "spec/debug_logging/argument_printer_spec.rb:2145628744": [
    [12, 17, 35, "RSpec/VerifiedDoubles: Prefer using verifying doubles over normal doubles.", 864840599],
    [50, 33, 35, "Style/DateTime: Prefer `Time` over `DateTime`.", 2193634500],
    [98, 13, 23, "RSpec/ContextWording: Context description should match /^when\\b/, /^with\\b/, or /^without\\b/.", 2254666317],
    [111, 9, 193, "RSpec/VerifiedDoubles: Prefer using verifying doubles over normal doubles.", 3607462793],
    [128, 9, 189, "RSpec/VerifiedDoubles: Prefer using verifying doubles over normal doubles.", 449370282]
  ],
  "spec/debug_logging/class_logger_spec.rb:1162338474": [
    [4, 11, 14, "RSpec/ContextWording: Context description should match /^when\\b/, /^with\\b/, or /^without\\b/.", 3715557109],
    [6, 53, 7, "RSpec/MessageSpies: Prefer `have_received` for setting message expectations. Setup `complete_logged_klass.debug_config` as a spy using `allow` or `instance_spy`.", 1384559950],
    [16, 14, 7, "RSpec/MessageSpies: Prefer `have_received` for setting message expectations. Setup `complete_logged_klass.instance_variable_get(DebugLogging::Configuration.config_pointer(\n        \"kl\",\n        :k_with_dsplat,\n      ))` as a spy using `allow` or `instance_spy`.", 1384559950],
    [22, 57, 7, "RSpec/MessageSpies: Prefer `have_received` for setting message expectations. Setup `complete_logged_klass.debug_config` as a spy using `allow` or `instance_spy`.", 1384559950],
    [31, 14, 7, "RSpec/MessageSpies: Prefer `have_received` for setting message expectations. Setup `complete_logged_klass.instance_variable_get(DebugLogging::Configuration.config_pointer(\n        \"kl\",\n        :k_with_dsplat_i,\n      ))` as a spy using `allow` or `instance_spy`.", 1384559950],
    [37, 57, 7, "RSpec/MessageSpies: Prefer `have_received` for setting message expectations. Setup `complete_logged_klass.debug_config` as a spy using `allow` or `instance_spy`.", 1384559950],
    [46, 14, 7, "RSpec/MessageSpies: Prefer `have_received` for setting message expectations. Setup `complete_logged_klass.instance_variable_get(DebugLogging::Configuration.config_pointer(\n        \"kl\",\n        :k_with_dsplat_e,\n      ))` as a spy using `allow` or `instance_spy`.", 1384559950],
    [51, 11, 25, "RSpec/ContextWording: Context description should match /^when\\b/, /^with\\b/, or /^without\\b/.", 979372993]
  ],
  "spec/debug_logging/class_notifier_spec.rb:3058563346": [
    [9, 7, 7, "RSpec/InstanceVariable: Avoid instance variables - use let, a method call, or a local variable (if possible).", 289916282],
    [14, 5, 7, "RSpec/InstanceVariable: Avoid instance variables - use let, a method call, or a local variable (if possible).", 289916282],
    [24, 29, 7, "RSpec/MessageSpies: Prefer `have_received` for setting message expectations. Setup `config_proxy` as a spy using `allow` or `instance_spy`.", 1384559950],
    [30, 55, 7, "RSpec/MessageSpies: Prefer `have_received` for setting message expectations. Setup `complete_notified_klass.debug_config` as a spy using `allow` or `instance_spy`.", 1384559950],
    [36, 14, 7, "RSpec/InstanceVariable: Avoid instance variables - use let, a method call, or a local variable (if possible).", 289916282],
    [37, 15, 7, "RSpec/InstanceVariable: Avoid instance variables - use let, a method call, or a local variable (if possible).", 289916282],
    [48, 55, 7, "RSpec/MessageSpies: Prefer `have_received` for setting message expectations. Setup `complete_notified_klass.debug_config` as a spy using `allow` or `instance_spy`.", 1384559950],
    [52, 14, 7, "RSpec/InstanceVariable: Avoid instance variables - use let, a method call, or a local variable (if possible).", 289916282],
    [67, 59, 7, "RSpec/MessageSpies: Prefer `have_received` for setting message expectations. Setup `complete_notified_klass.debug_config` as a spy using `allow` or `instance_spy`.", 1384559950],
    [71, 14, 7, "RSpec/InstanceVariable: Avoid instance variables - use let, a method call, or a local variable (if possible).", 289916282],
    [88, 11, 27, "RSpec/ContextWording: Context description should match /^when\\b/, /^with\\b/, or /^without\\b/.", 816374769],
    [127, 14, 7, "RSpec/InstanceVariable: Avoid instance variables - use let, a method call, or a local variable (if possible).", 289916282],
    [134, 14, 7, "RSpec/InstanceVariable: Avoid instance variables - use let, a method call, or a local variable (if possible).", 289916282],
    [144, 14, 7, "RSpec/InstanceVariable: Avoid instance variables - use let, a method call, or a local variable (if possible).", 289916282],
    [153, 14, 7, "RSpec/InstanceVariable: Avoid instance variables - use let, a method call, or a local variable (if possible).", 289916282],
    [161, 14, 7, "RSpec/InstanceVariable: Avoid instance variables - use let, a method call, or a local variable (if possible).", 289916282],
    [169, 14, 7, "RSpec/InstanceVariable: Avoid instance variables - use let, a method call, or a local variable (if possible).", 289916282],
    [176, 14, 7, "RSpec/InstanceVariable: Avoid instance variables - use let, a method call, or a local variable (if possible).", 289916282],
    [183, 14, 7, "RSpec/InstanceVariable: Avoid instance variables - use let, a method call, or a local variable (if possible).", 289916282],
    [190, 14, 7, "RSpec/InstanceVariable: Avoid instance variables - use let, a method call, or a local variable (if possible).", 289916282],
    [200, 14, 7, "RSpec/InstanceVariable: Avoid instance variables - use let, a method call, or a local variable (if possible).", 289916282],
    [210, 14, 7, "RSpec/InstanceVariable: Avoid instance variables - use let, a method call, or a local variable (if possible).", 289916282],
    [223, 14, 7, "RSpec/InstanceVariable: Avoid instance variables - use let, a method call, or a local variable (if possible).", 289916282],
    [251, 14, 7, "RSpec/InstanceVariable: Avoid instance variables - use let, a method call, or a local variable (if possible).", 289916282],
    [292, 14, 7, "RSpec/InstanceVariable: Avoid instance variables - use let, a method call, or a local variable (if possible).", 289916282]
  ],
  "spec/debug_logging/configuration_spec.rb:126485881": [
    [7, 11, 8, "RSpec/ContextWording: Context description should match /^when\\b/, /^with\\b/, or /^without\\b/.", 4105806927],
    [8, 13, 25, "RSpec/ContextWording: Context description should match /^when\\b/, /^with\\b/, or /^without\\b/.", 3996754496],
    [9, 7, 20, "RSpec/NestedGroups: Maximum example group nesting exceeded [4/3].", 1551745841],
    [10, 9, 26, "RSpec/NestedGroups: Maximum example group nesting exceeded [5/3].", 2728698832],
    [10, 17, 18, "RSpec/ContextWording: Context description should match /^when\\b/, /^with\\b/, or /^without\\b/.", 3701803727],
    [23, 71, 2, "RSpec/BeEq: Prefer `be` over `eq`.", 5860785],
    [24, 69, 2, "RSpec/BeEq: Prefer `be` over `eq`.", 5860785],
    [25, 80, 2, "RSpec/BeEq: Prefer `be` over `eq`.", 5860785],
    [26, 78, 2, "RSpec/BeEq: Prefer `be` over `eq`.", 5860785],
    [27, 81, 2, "RSpec/BeEq: Prefer `be` over `eq`.", 5860785],
    [28, 79, 2, "RSpec/BeEq: Prefer `be` over `eq`.", 5860785],
    [35, 80, 2, "RSpec/BeEq: Prefer `be` over `eq`.", 5860785],
    [36, 81, 2, "RSpec/BeEq: Prefer `be` over `eq`.", 5860785],
    [37, 67, 7, "RSpec/MessageSpies: Prefer `have_received` for setting message expectations. Setup `instance_logged_klass_dynamic.debug_config` as a spy using `allow` or `instance_spy`.", 1384559950],
    [38, 68, 7, "RSpec/MessageSpies: Prefer `have_received` for setting message expectations. Setup `instance_logged_klass_explicit.debug_config` as a spy using `allow` or `instance_spy`.", 1384559950],
    [69, 9, 31, "RSpec/NestedGroups: Maximum example group nesting exceeded [5/3].", 3936949918],
    [69, 17, 23, "RSpec/ContextWording: Context description should match /^when\\b/, /^with\\b/, or /^without\\b/.", 158925921],
    [98, 9, 23, "RSpec/NestedGroups: Maximum example group nesting exceeded [5/3].", 2268666807],
    [98, 17, 15, "RSpec/ContextWording: Context description should match /^when\\b/, /^with\\b/, or /^without\\b/.", 2331430472],
    [109, 68, 2, "RSpec/BeEq: Prefer `be` over `eq`.", 5860785],
    [110, 69, 2, "RSpec/BeEq: Prefer `be` over `eq`.", 5860785],
    [111, 70, 2, "RSpec/BeEq: Prefer `be` over `eq`.", 5860785],
    [112, 71, 2, "RSpec/BeEq: Prefer `be` over `eq`.", 5860785],
    [113, 69, 2, "RSpec/BeEq: Prefer `be` over `eq`.", 5860785],
    [114, 70, 2, "RSpec/BeEq: Prefer `be` over `eq`.", 5860785],
    [134, 9, 28, "RSpec/NestedGroups: Maximum example group nesting exceeded [5/3].", 258576793],
    [134, 17, 20, "RSpec/ContextWording: Context description should match /^when\\b/, /^with\\b/, or /^without\\b/.", 2537135622],
    [167, 13, 18, "RSpec/ContextWording: Context description should match /^when\\b/, /^with\\b/, or /^without\\b/.", 4003083142],
    [168, 7, 21, "RSpec/NestedGroups: Maximum example group nesting exceeded [4/3].", 113460406],
    [168, 15, 13, "RSpec/ContextWording: Context description should match /^when\\b/, /^with\\b/, or /^without\\b/.", 3713565257],
    [183, 71, 2, "RSpec/BeEq: Prefer `be` over `eq`.", 5860785],
    [184, 69, 2, "RSpec/BeEq: Prefer `be` over `eq`.", 5860785],
    [189, 70, 2, "RSpec/BeEq: Prefer `be` over `eq`.", 5860785],
    [190, 68, 2, "RSpec/BeEq: Prefer `be` over `eq`.", 5860785],
    [195, 77, 2, "RSpec/BeEq: Prefer `be` over `eq`.", 5860785],
    [196, 75, 2, "RSpec/BeEq: Prefer `be` over `eq`.", 5860785],
    [201, 79, 2, "RSpec/BeEq: Prefer `be` over `eq`.", 5860785],
    [202, 77, 2, "RSpec/BeEq: Prefer `be` over `eq`.", 5860785],
    [207, 90, 2, "RSpec/BeEq: Prefer `be` over `eq`.", 5860785],
    [208, 88, 2, "RSpec/BeEq: Prefer `be` over `eq`.", 5860785],
    [258, 7, 26, "RSpec/NestedGroups: Maximum example group nesting exceeded [4/3].", 2728698832],
    [258, 15, 18, "RSpec/ContextWording: Context description should match /^when\\b/, /^with\\b/, or /^without\\b/.", 3701803727],
    [267, 78, 2, "RSpec/BeEq: Prefer `be` over `eq`.", 5860785],
    [268, 76, 2, "RSpec/BeEq: Prefer `be` over `eq`.", 5860785],
    [269, 79, 2, "RSpec/BeEq: Prefer `be` over `eq`.", 5860785],
    [270, 77, 2, "RSpec/BeEq: Prefer `be` over `eq`.", 5860785],
    [302, 7, 23, "RSpec/NestedGroups: Maximum example group nesting exceeded [4/3].", 2268666807],
    [302, 15, 15, "RSpec/ContextWording: Context description should match /^when\\b/, /^with\\b/, or /^without\\b/.", 2331430472],
    [311, 68, 2, "RSpec/BeEq: Prefer `be` over `eq`.", 5860785],
    [312, 69, 2, "RSpec/BeEq: Prefer `be` over `eq`.", 5860785],
    [313, 67, 2, "RSpec/BeEq: Prefer `be` over `eq`.", 5860785],
    [314, 68, 2, "RSpec/BeEq: Prefer `be` over `eq`.", 5860785],
    [335, 13, 19, "RSpec/ContextWording: Context description should match /^when\\b/, /^with\\b/, or /^without\\b/.", 2890930199],
    [408, 11, 90, "RSpec/LeakyConstantDeclaration: Stub constant instead of declaring explicitly.", 2259579571],
    [409, 11, 103, "RSpec/LeakyConstantDeclaration: Stub constant instead of declaring explicitly.", 87633276],
    [410, 11, 90, "RSpec/LeakyConstantDeclaration: Stub constant instead of declaring explicitly.", 4037209209],
    [411, 11, 103, "RSpec/LeakyConstantDeclaration: Stub constant instead of declaring explicitly.", 1761849462],
    [486, 7, 36, "RSpec/NestedGroups: Maximum example group nesting exceeded [4/3].", 3323389781],
    [486, 15, 28, "RSpec/ContextWording: Context description should match /^when\\b/, /^with\\b/, or /^without\\b/.", 1829714634],
    [600, 88, 2, "RSpec/BeEq: Prefer `be` over `eq`.", 5860785],
    [603, 88, 2, "RSpec/BeEq: Prefer `be` over `eq`.", 5860785],
    [606, 88, 2, "RSpec/BeEq: Prefer `be` over `eq`.", 5860785],
    [609, 88, 2, "RSpec/BeEq: Prefer `be` over `eq`.", 5860785],
    [613, 90, 2, "RSpec/BeEq: Prefer `be` over `eq`.", 5860785],
    [616, 90, 2, "RSpec/BeEq: Prefer `be` over `eq`.", 5860785],
    [619, 90, 2, "RSpec/BeEq: Prefer `be` over `eq`.", 5860785],
    [622, 90, 2, "RSpec/BeEq: Prefer `be` over `eq`.", 5860785],
    [626, 86, 2, "RSpec/BeEq: Prefer `be` over `eq`.", 5860785],
    [629, 86, 2, "RSpec/BeEq: Prefer `be` over `eq`.", 5860785],
    [632, 86, 2, "RSpec/BeEq: Prefer `be` over `eq`.", 5860785],
    [635, 86, 2, "RSpec/BeEq: Prefer `be` over `eq`.", 5860785],
    [640, 7, 26, "RSpec/NestedGroups: Maximum example group nesting exceeded [4/3].", 2728698832],
    [640, 15, 18, "RSpec/ContextWording: Context description should match /^when\\b/, /^with\\b/, or /^without\\b/.", 3701803727],
    [642, 79, 2, "RSpec/BeEq: Prefer `be` over `eq`.", 5860785],
    [643, 77, 2, "RSpec/BeEq: Prefer `be` over `eq`.", 5860785],
    [644, 78, 2, "RSpec/BeEq: Prefer `be` over `eq`.", 5860785],
    [645, 76, 2, "RSpec/BeEq: Prefer `be` over `eq`.", 5860785],
    [697, 7, 23, "RSpec/NestedGroups: Maximum example group nesting exceeded [4/3].", 2268666807],
    [697, 15, 15, "RSpec/ContextWording: Context description should match /^when\\b/, /^with\\b/, or /^without\\b/.", 2331430472],
    [706, 68, 2, "RSpec/BeEq: Prefer `be` over `eq`.", 5860785],
    [707, 69, 2, "RSpec/BeEq: Prefer `be` over `eq`.", 5860785],
    [708, 67, 2, "RSpec/BeEq: Prefer `be` over `eq`.", 5860785],
    [709, 68, 2, "RSpec/BeEq: Prefer `be` over `eq`.", 5860785],
    [735, 13, 21, "RSpec/ContextWording: Context description should match /^when\\b/, /^with\\b/, or /^without\\b/.", 1866918363],
    [736, 7, 28, "RSpec/NestedGroups: Maximum example group nesting exceeded [4/3].", 744731496],
    [736, 15, 20, "RSpec/ContextWording: Context description should match /^when\\b/, /^with\\b/, or /^without\\b/.", 3206364855],
    [760, 7, 31, "RSpec/NestedGroups: Maximum example group nesting exceeded [4/3].", 2136304431],
    [760, 15, 23, "RSpec/ContextWording: Context description should match /^when\\b/, /^with\\b/, or /^without\\b/.", 530845392],
    [791, 13, 22, "RSpec/ContextWording: Context description should match /^when\\b/, /^with\\b/, or /^without\\b/.", 445160347],
    [792, 7, 28, "RSpec/NestedGroups: Maximum example group nesting exceeded [4/3].", 744731496],
    [792, 15, 20, "RSpec/ContextWording: Context description should match /^when\\b/, /^with\\b/, or /^without\\b/.", 3206364855],
    [842, 7, 31, "RSpec/NestedGroups: Maximum example group nesting exceeded [4/3].", 2136304431],
    [842, 15, 23, "RSpec/ContextWording: Context description should match /^when\\b/, /^with\\b/, or /^without\\b/.", 530845392],
    [899, 13, 22, "RSpec/ContextWording: Context description should match /^when\\b/, /^with\\b/, or /^without\\b/.", 3562556298],
    [900, 7, 41, "RSpec/NestedGroups: Maximum example group nesting exceeded [4/3].", 4131426600],
    [925, 7, 45, "RSpec/NestedGroups: Maximum example group nesting exceeded [4/3].", 2492457981],
    [951, 13, 17, "RSpec/ContextWording: Context description should match /^when\\b/, /^with\\b/, or /^without\\b/.", 1304445034],
    [952, 7, 41, "RSpec/NestedGroups: Maximum example group nesting exceeded [4/3].", 4131426600],
    [978, 7, 45, "RSpec/NestedGroups: Maximum example group nesting exceeded [4/3].", 2492457981],
    [1005, 13, 21, "RSpec/ContextWording: Context description should match /^when\\b/, /^with\\b/, or /^without\\b/.", 3671683799],
    [1030, 13, 18, "RSpec/ContextWording: Context description should match /^when\\b/, /^with\\b/, or /^without\\b/.", 3273722992],
    [1049, 13, 19, "RSpec/ContextWording: Context description should match /^when\\b/, /^with\\b/, or /^without\\b/.", 2529667753],
    [1050, 7, 19, "RSpec/NestedGroups: Maximum example group nesting exceeded [4/3].", 2212808789],
    [1050, 15, 11, "RSpec/ContextWording: Context description should match /^when\\b/, /^with\\b/, or /^without\\b/.", 535689898],
    [1051, 9, 35, "RSpec/NestedGroups: Maximum example group nesting exceeded [5/3].", 3681875802],
    [1051, 17, 27, "RSpec/ContextWording: Context description should match /^when\\b/, /^with\\b/, or /^without\\b/.", 4195738085],
    [1071, 9, 36, "RSpec/NestedGroups: Maximum example group nesting exceeded [5/3].", 704870513],
    [1071, 17, 28, "RSpec/ContextWording: Context description should match /^when\\b/, /^with\\b/, or /^without\\b/.", 1548875630],
    [1091, 9, 35, "RSpec/NestedGroups: Maximum example group nesting exceeded [5/3].", 3686582658],
    [1091, 17, 27, "RSpec/ContextWording: Context description should match /^when\\b/, /^with\\b/, or /^without\\b/.", 4191022781],
    [1112, 7, 18, "RSpec/NestedGroups: Maximum example group nesting exceeded [4/3].", 3031623475],
    [1112, 15, 10, "RSpec/ContextWording: Context description should match /^when\\b/, /^with\\b/, or /^without\\b/.", 1346353132],
    [1113, 9, 35, "RSpec/NestedGroups: Maximum example group nesting exceeded [5/3].", 3681875802],
    [1113, 17, 27, "RSpec/ContextWording: Context description should match /^when\\b/, /^with\\b/, or /^without\\b/.", 4195738085],
    [1139, 9, 36, "RSpec/NestedGroups: Maximum example group nesting exceeded [5/3].", 704870513],
    [1139, 17, 28, "RSpec/ContextWording: Context description should match /^when\\b/, /^with\\b/, or /^without\\b/.", 1548875630],
    [1165, 9, 35, "RSpec/NestedGroups: Maximum example group nesting exceeded [5/3].", 3686582658],
    [1165, 17, 27, "RSpec/ContextWording: Context description should match /^when\\b/, /^with\\b/, or /^without\\b/.", 4191022781]
  ],
  "spec/debug_logging/hooks_spec.rb:1847186008": [
    [42, 16, 7, "RSpec/InstanceVariable: Avoid instance variables - use let, a method call, or a local variable (if possible).", 1231042892],
    [69, 13, 9, "RSpec/InstanceVariable: Avoid instance variables - use let, a method call, or a local variable (if possible).", 2104178699],
    [76, 16, 16, "RSpec/InstanceVariable: Avoid instance variables - use let, a method call, or a local variable (if possible).", 3238182925],
    [76, 40, 7, "RSpec/InstanceVariable: Avoid instance variables - use let, a method call, or a local variable (if possible).", 1231042892],
    [80, 16, 9, "RSpec/InstanceVariable: Avoid instance variables - use let, a method call, or a local variable (if possible).", 2104178699],
    [93, 11, 68, "Style/ClassMethodsDefinitions: Use `class << self` to define a class method.", 197593698],
    [113, 13, 9, "RSpec/InstanceVariable: Avoid instance variables - use let, a method call, or a local variable (if possible).", 2104178699],
    [120, 16, 7, "RSpec/InstanceVariable: Avoid instance variables - use let, a method call, or a local variable (if possible).", 1231042892],
    [120, 31, 9, "RSpec/InstanceVariable: Avoid instance variables - use let, a method call, or a local variable (if possible).", 2104178699],
    [144, 16, 7, "RSpec/InstanceVariable: Avoid instance variables - use let, a method call, or a local variable (if possible).", 1231042892],
    [165, 18, 11, "RSpec/InstanceVariable: Avoid instance variables - use let, a method call, or a local variable (if possible).", 2247037282],
    [171, 18, 11, "RSpec/InstanceVariable: Avoid instance variables - use let, a method call, or a local variable (if possible).", 2247037282],
    [192, 13, 11, "RSpec/InstanceVariable: Avoid instance variables - use let, a method call, or a local variable (if possible).", 2247037282],
    [203, 7, 488, "RSpec/NoExpectationExample: No expectation found in this example.", 822639325],
    [209, 9, 11, "RSpec/InstanceVariable: Avoid instance variables - use let, a method call, or a local variable (if possible).", 2247037282],
    [215, 9, 11, "RSpec/InstanceVariable: Avoid instance variables - use let, a method call, or a local variable (if possible).", 2247037282],
    [221, 7, 11, "RSpec/InstanceVariable: Avoid instance variables - use let, a method call, or a local variable (if possible).", 2247037282],
    [230, 7, 11, "RSpec/InstanceVariable: Avoid instance variables - use let, a method call, or a local variable (if possible).", 2247037282],
    [248, 7, 11, "RSpec/InstanceVariable: Avoid instance variables - use let, a method call, or a local variable (if possible).", 2247037282],
    [257, 7, 11, "RSpec/InstanceVariable: Avoid instance variables - use let, a method call, or a local variable (if possible).", 2247037282]
  ],
  "spec/debug_logging/instance_logger_spec.rb:1603668164": [
    [101, 31, 7, "RSpec/MessageSpies: Prefer `have_received` for setting message expectations. Setup `output` as a spy using `allow` or `instance_spy`.", 1384559950],
    [200, 27, 7, "RSpec/MessageSpies: Prefer `have_received` for setting message expectations. Setup `logger` as a spy using `allow` or `instance_spy`.", 1384559950]
  ],
  "spec/debug_logging/instance_notifier_spec.rb:4143371829": [
    [9, 7, 7, "RSpec/InstanceVariable: Avoid instance variables - use let, a method call, or a local variable (if possible).", 289916282],
    [47, 14, 7, "RSpec/InstanceVariable: Avoid instance variables - use let, a method call, or a local variable (if possible).", 289916282],
    [54, 14, 7, "RSpec/InstanceVariable: Avoid instance variables - use let, a method call, or a local variable (if possible).", 289916282],
    [64, 14, 7, "RSpec/InstanceVariable: Avoid instance variables - use let, a method call, or a local variable (if possible).", 289916282],
    [73, 14, 7, "RSpec/InstanceVariable: Avoid instance variables - use let, a method call, or a local variable (if possible).", 289916282],
    [83, 14, 7, "RSpec/InstanceVariable: Avoid instance variables - use let, a method call, or a local variable (if possible).", 289916282],
    [93, 14, 7, "RSpec/InstanceVariable: Avoid instance variables - use let, a method call, or a local variable (if possible).", 289916282],
    [116, 16, 7, "RSpec/InstanceVariable: Avoid instance variables - use let, a method call, or a local variable (if possible).", 289916282],
    [136, 16, 7, "RSpec/InstanceVariable: Avoid instance variables - use let, a method call, or a local variable (if possible).", 289916282],
    [171, 16, 7, "RSpec/InstanceVariable: Avoid instance variables - use let, a method call, or a local variable (if possible).", 289916282],
    [198, 31, 7, "RSpec/MessageSpies: Prefer `have_received` for setting message expectations. Setup `output` as a spy using `allow` or `instance_spy`.", 1384559950],
    [199, 16, 7, "RSpec/InstanceVariable: Avoid instance variables - use let, a method call, or a local variable (if possible).", 289916282],
    [216, 16, 7, "RSpec/InstanceVariable: Avoid instance variables - use let, a method call, or a local variable (if possible).", 289916282],
    [236, 16, 7, "RSpec/InstanceVariable: Avoid instance variables - use let, a method call, or a local variable (if possible).", 289916282],
    [259, 16, 7, "RSpec/InstanceVariable: Avoid instance variables - use let, a method call, or a local variable (if possible).", 289916282],
    [287, 16, 7, "RSpec/InstanceVariable: Avoid instance variables - use let, a method call, or a local variable (if possible).", 289916282]
  ],
  "spec/debug_logging/log_subscriber_spec.rb:1210402362": [
    [9, 7, 15, "RSpec/InstanceVariable: Avoid instance variables - use let, a method call, or a local variable (if possible).", 3325407588],
    [16, 57, 7, "RSpec/MessageSpies: Prefer `have_received` for setting message expectations. Setup `complete_notified_klass.debug_config` as a spy using `allow` or `instance_spy`.", 1384559950],
    [19, 16, 15, "RSpec/InstanceVariable: Avoid instance variables - use let, a method call, or a local variable (if possible).", 3325407588],
    [20, 16, 15, "RSpec/InstanceVariable: Avoid instance variables - use let, a method call, or a local variable (if possible).", 3325407588],
    [21, 16, 15, "RSpec/InstanceVariable: Avoid instance variables - use let, a method call, or a local variable (if possible).", 3325407588],
    [22, 16, 15, "RSpec/InstanceVariable: Avoid instance variables - use let, a method call, or a local variable (if possible).", 3325407588],
    [28, 61, 7, "RSpec/MessageSpies: Prefer `have_received` for setting message expectations. Setup `complete_notified_klass.debug_config` as a spy using `allow` or `instance_spy`.", 1384559950],
    [31, 16, 15, "RSpec/InstanceVariable: Avoid instance variables - use let, a method call, or a local variable (if possible).", 3325407588],
    [32, 16, 15, "RSpec/InstanceVariable: Avoid instance variables - use let, a method call, or a local variable (if possible).", 3325407588],
    [33, 16, 15, "RSpec/InstanceVariable: Avoid instance variables - use let, a method call, or a local variable (if possible).", 3325407588],
    [34, 16, 15, "RSpec/InstanceVariable: Avoid instance variables - use let, a method call, or a local variable (if possible).", 3325407588],
    [35, 16, 15, "RSpec/InstanceVariable: Avoid instance variables - use let, a method call, or a local variable (if possible).", 3325407588],
    [36, 16, 15, "RSpec/InstanceVariable: Avoid instance variables - use let, a method call, or a local variable (if possible).", 3325407588],
    [37, 16, 15, "RSpec/InstanceVariable: Avoid instance variables - use let, a method call, or a local variable (if possible).", 3325407588],
    [43, 57, 7, "RSpec/MessageSpies: Prefer `have_received` for setting message expectations. Setup `complete_notified_klass.debug_config` as a spy using `allow` or `instance_spy`.", 1384559950],
    [48, 16, 15, "RSpec/InstanceVariable: Avoid instance variables - use let, a method call, or a local variable (if possible).", 3325407588],
    [49, 16, 15, "RSpec/InstanceVariable: Avoid instance variables - use let, a method call, or a local variable (if possible).", 3325407588],
    [50, 16, 15, "RSpec/InstanceVariable: Avoid instance variables - use let, a method call, or a local variable (if possible).", 3325407588],
    [51, 16, 15, "RSpec/InstanceVariable: Avoid instance variables - use let, a method call, or a local variable (if possible).", 3325407588],
    [52, 16, 15, "RSpec/InstanceVariable: Avoid instance variables - use let, a method call, or a local variable (if possible).", 3325407588],
    [53, 16, 15, "RSpec/InstanceVariable: Avoid instance variables - use let, a method call, or a local variable (if possible).", 3325407588],
    [56, 7, 23, "RSpec/NestedGroups: Maximum example group nesting exceeded [4/3].", 3865265079],
    [59, 63, 7, "RSpec/MessageSpies: Prefer `have_received` for setting message expectations. Setup `complete_notified_klass.debug_config` as a spy using `allow` or `instance_spy`.", 1384559950],
    [67, 18, 15, "RSpec/InstanceVariable: Avoid instance variables - use let, a method call, or a local variable (if possible).", 3325407588],
    [68, 18, 15, "RSpec/InstanceVariable: Avoid instance variables - use let, a method call, or a local variable (if possible).", 3325407588],
    [69, 18, 15, "RSpec/InstanceVariable: Avoid instance variables - use let, a method call, or a local variable (if possible).", 3325407588],
    [70, 18, 15, "RSpec/InstanceVariable: Avoid instance variables - use let, a method call, or a local variable (if possible).", 3325407588],
    [71, 18, 15, "RSpec/InstanceVariable: Avoid instance variables - use let, a method call, or a local variable (if possible).", 3325407588],
    [72, 18, 15, "RSpec/InstanceVariable: Avoid instance variables - use let, a method call, or a local variable (if possible).", 3325407588]
  ],
  "spec/debug_logging/util_spec.rb:2223678571": [
    [7, 7, 7, "RSpec/InstanceVariable: Avoid instance variables - use let, a method call, or a local variable (if possible).", 289916282],
    [11, 11, 55, "RSpec/ContextWording: Context description should match /^when\\b/, /^with\\b/, or /^without\\b/.", 2011841710]
  ],
  "spec/debug_logging_spec.rb:3914205660": [
    [10, 44, 7, "RSpec/MessageSpies: Prefer `have_received` for setting message expectations. Setup `simple_klass.debug_config` as a spy using `allow` or `instance_spy`.", 1384559950],
    [11, 25, 7, "RSpec/MessageSpies: Prefer `have_received` for setting message expectations. Setup `logger` as a spy using `allow` or `instance_spy`.", 1384559950],
    [20, 44, 7, "RSpec/MessageSpies: Prefer `have_received` for setting message expectations. Setup `simple_klass.debug_config` as a spy using `allow` or `instance_spy`.", 1384559950],
    [27, 13, 10, "RSpec/ContextWording: Context description should match /^when\\b/, /^with\\b/, or /^without\\b/.", 2985534741],
    [28, 7, 21, "RSpec/NestedGroups: Maximum example group nesting exceeded [4/3].", 2180962732],
    [36, 56, 2, "RSpec/BeEq: Prefer `be` over `eq`.", 5860785],
    [37, 48, 7, "RSpec/MessageSpies: Prefer `have_received` for setting message expectations. Setup `simple_klass.debug_config` as a spy using `allow` or `instance_spy`.", 1384559950],
    [38, 33, 7, "RSpec/MessageSpies: Prefer `have_received` for setting message expectations. Setup `logger` as a spy using `allow` or `instance_spy`.", 1384559950],
    [141, 58, 2, "RSpec/BeEq: Prefer `be` over `eq`.", 5860785],
    [143, 58, 2, "RSpec/BeEq: Prefer `be` over `eq`.", 5860785],
    [155, 57, 2, "RSpec/BeEq: Prefer `be` over `eq`.", 5860785],
    [169, 57, 2, "RSpec/BeEq: Prefer `be` over `eq`.", 5860785],
    [197, 57, 2, "RSpec/BeEq: Prefer `be` over `eq`.", 5860785],
    [199, 57, 2, "RSpec/BeEq: Prefer `be` over `eq`.", 5860785],
    [211, 54, 2, "RSpec/BeEq: Prefer `be` over `eq`.", 5860785],
    [213, 54, 2, "RSpec/BeEq: Prefer `be` over `eq`.", 5860785],
    [225, 64, 2, "RSpec/BeEq: Prefer `be` over `eq`.", 5860785],
    [227, 64, 2, "RSpec/BeEq: Prefer `be` over `eq`.", 5860785],
    [239, 63, 2, "RSpec/BeEq: Prefer `be` over `eq`.", 5860785],
    [241, 63, 2, "RSpec/BeEq: Prefer `be` over `eq`.", 5860785],
    [253, 55, 2, "RSpec/BeEq: Prefer `be` over `eq`.", 5860785],
    [255, 55, 2, "RSpec/BeEq: Prefer `be` over `eq`.", 5860785]
  ],
  "spec/support/shared_context.rb:3140076658": [
    [8, 18, 16, "RSpec/VerifiedDoubles: Prefer using verifying doubles over normal doubles.", 2194695717],
    [18, 3, 724, "RSpec/LeakyConstantDeclaration: Stub class constant instead of declaring explicitly.", 3294572711],
    [42, 3, 323, "RSpec/LeakyConstantDeclaration: Stub class constant instead of declaring explicitly.", 3200438956],
    [47, 12, 40, "Style/ClassMethodsDefinitions: Use `class << self` to define a class method.", 2619885954],
    [64, 14, 45, "Style/ClassMethodsDefinitions: Use `class << self` to define a class method.", 202879635],
    [73, 16, 45, "Style/ClassMethodsDefinitions: Use `class << self` to define a class method.", 202875572],
    [189, 14, 31, "Style/ClassMethodsDefinitions: Use `class << self` to define a class method.", 2962178874],
    [192, 7, 51, "Style/ClassMethodsDefinitions: Use `class << self` to define a class method.", 3518949825],
    [196, 7, 52, "Style/ClassMethodsDefinitions: Use `class << self` to define a class method.", 504708605],
    [200, 7, 53, "Style/ClassMethodsDefinitions: Use `class << self` to define a class method.", 639067958],
    [204, 7, 54, "Style/ClassMethodsDefinitions: Use `class << self` to define a class method.", 4212652234],
    [208, 7, 53, "Style/ClassMethodsDefinitions: Use `class << self` to define a class method.", 290263610],
    [212, 7, 54, "Style/ClassMethodsDefinitions: Use `class << self` to define a class method.", 2740588358],
    [223, 7, 42, "Style/ClassMethodsDefinitions: Use `class << self` to define a class method.", 1400360963],
    [280, 14, 31, "Style/ClassMethodsDefinitions: Use `class << self` to define a class method.", 2962178874],
    [283, 7, 51, "Style/ClassMethodsDefinitions: Use `class << self` to define a class method.", 3518949825],
    [287, 7, 52, "Style/ClassMethodsDefinitions: Use `class << self` to define a class method.", 504708605],
    [291, 7, 53, "Style/ClassMethodsDefinitions: Use `class << self` to define a class method.", 639067958],
    [295, 7, 54, "Style/ClassMethodsDefinitions: Use `class << self` to define a class method.", 4212652234],
    [299, 7, 53, "Style/ClassMethodsDefinitions: Use `class << self` to define a class method.", 290263610],
    [303, 7, 54, "Style/ClassMethodsDefinitions: Use `class << self` to define a class method.", 2740588358],
    [314, 7, 42, "Style/ClassMethodsDefinitions: Use `class << self` to define a class method.", 1400360963],
    [355, 16, 31, "Style/ClassMethodsDefinitions: Use `class << self` to define a class method.", 2962178874],
    [359, 7, 51, "Style/ClassMethodsDefinitions: Use `class << self` to define a class method.", 3518949825],
    [363, 7, 52, "Style/ClassMethodsDefinitions: Use `class << self` to define a class method.", 504708605],
    [367, 7, 89, "Style/ClassMethodsDefinitions: Use `class << self` to define a class method.", 2908438462],
    [371, 7, 97, "Style/ClassMethodsDefinitions: Use `class << self` to define a class method.", 1386706159],
    [375, 7, 60, "Style/ClassMethodsDefinitions: Use `class << self` to define a class method.", 1003597485],
    [379, 7, 71, "Style/ClassMethodsDefinitions: Use `class << self` to define a class method.", 2210727983],
    [392, 7, 42, "Style/ClassMethodsDefinitions: Use `class << self` to define a class method.", 1400360963],
    [428, 14, 31, "Style/ClassMethodsDefinitions: Use `class << self` to define a class method.", 2962178874],
    [431, 7, 51, "Style/ClassMethodsDefinitions: Use `class << self` to define a class method.", 3518949825],
    [435, 7, 52, "Style/ClassMethodsDefinitions: Use `class << self` to define a class method.", 504708605],
    [444, 7, 42, "Style/ClassMethodsDefinitions: Use `class << self` to define a class method.", 1400360963],
    [456, 16, 31, "Style/ClassMethodsDefinitions: Use `class << self` to define a class method.", 2962178874],
    [459, 7, 51, "Style/ClassMethodsDefinitions: Use `class << self` to define a class method.", 3518949825],
    [463, 7, 52, "Style/ClassMethodsDefinitions: Use `class << self` to define a class method.", 504708605],
    [467, 7, 42, "Style/ClassMethodsDefinitions: Use `class << self` to define a class method.", 1400360963]
  ]
}
